
Microsoft Visual Studio Solution File, Format Version 12.00
# Visual Studio Version 17
VisualStudioVersion = 17.9.34607.119
MinimumVisualStudioVersion = 10.0.40219.1
Project("{FAE04EC0-301F-11D3-BF4B-00C04F79EFBC}") = "WpfControlsTextApp", "WpfControlsTextApp\WpfControlsTextApp.csproj", "{565F8944-D7E8-41FF-AD14-ACA422ED8C10}"
EndProject
Global
	GlobalSection(SolutionConfigurationPlatforms) = preSolution
		Debug|Any CPU = Debug|Any CPU
		Release|Any CPU = Release|Any CPU
	EndGlobalSection
	GlobalSection(ProjectConfigurationPlatforms) = postSolution
		{565F8944-D7E8-41FF-AD14-ACA422ED8C10}.Debug|Any CPU.ActiveCfg = Debug|Any CPU
		{565F8944-D7E8-41FF-AD14-ACA422ED8C10}.Debug|Any CPU.Build.0 = Debug|Any CPU
		{565F8944-D7E8-41FF-AD14-ACA422ED8C10}.Release|Any CPU.ActiveCfg = Release|Any CPU
		{565F8944-D7E8-41FF-AD14-ACA422ED8C10}.Release|Any CPU.Build.0 = Release|Any CPU
	EndGlobalSection
	GlobalSection(SolutionProperties) = preSolution
		HideSolutionNode = FALSE
	EndGlobalSection
	GlobalSection(ExtensibilityGlobals) = postSolution
		SolutionGuid = {C0419B8D-86D3-438A-8F7E-5B486700E77D}
	EndGlobalSection
EndGlobal
